
Microsoft Visual Studio Solution File, Format Version 12.00
# Visual Studio Version 16
VisualStudioVersion = 16.0.30804.86
MinimumVisualStudioVersion = 10.0.40219.1
Project("{FAE04EC0-301F-11D3-BF4B-00C04F79EFBC}") = "Visitor Sytem", "Visitor Sytem\Visitor Sytem.csproj", "{23FC34EA-B727-46FB-A95D-380912EEB8D0}"
EndProject
Global
	GlobalSection(SolutionConfigurationPlatforms) = preSolution
		Debug|Any CPU = Debug|Any CPU
		Release|Any CPU = Release|Any CPU
	EndGlobalSection
	GlobalSection(ProjectConfigurationPlatforms) = postSolution
		{23FC34EA-B727-46FB-A95D-380912EEB8D0}.Debug|Any CPU.ActiveCfg = Debug|Any CPU
		{23FC34EA-B727-46FB-A95D-380912EEB8D0}.Debug|Any CPU.Build.0 = Debug|Any CPU
		{23FC34EA-B727-46FB-A95D-380912EEB8D0}.Release|Any CPU.ActiveCfg = Release|Any CPU
		{23FC34EA-B727-46FB-A95D-380912EEB8D0}.Release|Any CPU.Build.0 = Release|Any CPU
	EndGlobalSection
	GlobalSection(SolutionProperties) = preSolution
		HideSolutionNode = FALSE
	EndGlobalSection
	GlobalSection(ExtensibilityGlobals) = postSolution
		SolutionGuid = {416DDEAF-3818-4BD6-9C74-6A828D87857A}
	EndGlobalSection
EndGlobal
